
Microsoft Visual Studio Solution File, Format Version 12.00
# Visual Studio Version 17
VisualStudioVersion = 17.5.002.0
MinimumVisualStudioVersion = 10.0.40219.1
Project("{9A19103F-16F7-4668-BE54-9A1E7A4F7556}") = "blazorwasm-empty-project", "blazorwasm-empty-project.csproj", "{A94BD9CD-FA41-4583-A8DF-60979FB3A317}"
EndProject
Global
	GlobalSection(SolutionConfigurationPlatforms) = preSolution
		Debug|Any CPU = Debug|Any CPU
		Release|Any CPU = Release|Any CPU
	EndGlobalSection
	GlobalSection(ProjectConfigurationPlatforms) = postSolution
		{A94BD9CD-FA41-4583-A8DF-60979FB3A317}.Debug|Any CPU.ActiveCfg = Debug|Any CPU
		{A94BD9CD-FA41-4583-A8DF-60979FB3A317}.Debug|Any CPU.Build.0 = Debug|Any CPU
		{A94BD9CD-FA41-4583-A8DF-60979FB3A317}.Release|Any CPU.ActiveCfg = Release|Any CPU
		{A94BD9CD-FA41-4583-A8DF-60979FB3A317}.Release|Any CPU.Build.0 = Release|Any CPU
	EndGlobalSection
	GlobalSection(SolutionProperties) = preSolution
		HideSolutionNode = FALSE
	EndGlobalSection
	GlobalSection(ExtensibilityGlobals) = postSolution
		SolutionGuid = {6E4F2BC6-66E8-4AAA-8164-CFB63622507C}
	EndGlobalSection
EndGlobal
